
Microsoft Visual Studio Solution File, Format Version 12.00
# Visual Studio 2012
Project("{FAE04EC0-301F-11D3-BF4B-00C04F79EFBC}") = "LibNoise", "LibNoise\LibNoise.csproj", "{7405D2F6-0672-4E54-B10E-C02429F84E74}"
EndProject
Project("{FAE04EC0-301F-11D3-BF4B-00C04F79EFBC}") = "LibNoise.Example", "LibNoise.Example\LibNoise.Example.csproj", "{212AB768-3A71-4C50-9418-507B3812C084}"
EndProject
Global
	GlobalSection(SolutionConfigurationPlatforms) = preSolution
		Debug|Any CPU = Debug|Any CPU
		Release|Any CPU = Release|Any CPU
	EndGlobalSection
	GlobalSection(ProjectConfigurationPlatforms) = postSolution
		{7405D2F6-0672-4E54-B10E-C02429F84E74}.Debug|Any CPU.ActiveCfg = Debug|Any CPU
		{7405D2F6-0672-4E54-B10E-C02429F84E74}.Debug|Any CPU.Build.0 = Debug|Any CPU
		{7405D2F6-0672-4E54-B10E-C02429F84E74}.Release|Any CPU.ActiveCfg = Release|Any CPU
		{7405D2F6-0672-4E54-B10E-C02429F84E74}.Release|Any CPU.Build.0 = Release|Any CPU
		{212AB768-3A71-4C50-9418-507B3812C084}.Debug|Any CPU.ActiveCfg = Debug|Any CPU
		{212AB768-3A71-4C50-9418-507B3812C084}.Debug|Any CPU.Build.0 = Debug|Any CPU
		{212AB768-3A71-4C50-9418-507B3812C084}.Release|Any CPU.ActiveCfg = Release|Any CPU
		{212AB768-3A71-4C50-9418-507B3812C084}.Release|Any CPU.Build.0 = Release|Any CPU
	EndGlobalSection
	GlobalSection(SolutionProperties) = preSolution
		HideSolutionNode = FALSE
	EndGlobalSection
EndGlobal
